// !$*UTF8*$!
{
	archiveVersion = 1;
	classes = {
	};
	objectVersion = 50;
	objects = {

/* Begin PBXBuildFile section */
		444A884926EBD83700B2C29C /* AppDelegate.swift in Sources */ = {isa = PBXBuildFile; fileRef = 444A884826EBD83700B2C29C /* AppDelegate.swift */; };
		444A884B26EBD83700B2C29C /* SceneDelegate.swift in Sources */ = {isa = PBXBuildFile; fileRef = 444A884A26EBD83700B2C29C /* SceneDelegate.swift */; };
		444A884D26EBD83700B2C29C /* ViewController.swift in Sources */ = {isa = PBXBuildFile; fileRef = 444A884C26EBD83700B2C29C /* ViewController.swift */; };
		444A885026EBD83700B2C29C /* Main.storyboard in Resources */ = {isa = PBXBuildFile; fileRef = 444A884E26EBD83700B2C29C /* Main.storyboard */; };
		444A885226EBD83A00B2C29C /* Assets.xcassets in Resources */ = {isa = PBXBuildFile; fileRef = 444A885126EBD83A00B2C29C /* Assets.xcassets */; };
		444A885526EBD83A00B2C29C /* LaunchScreen.storyboard in Resources */ = {isa = PBXBuildFile; fileRef = 444A885326EBD83A00B2C29C /* LaunchScreen.storyboard */; };
		444A886026EBD90100B2C29C /* Model.swift in Sources */ = {isa = PBXBuildFile; fileRef = 444A885F26EBD90100B2C29C /* Model.swift */; };
		444A886626EBD9BE00B2C29C /* Coordinator.swift in Sources */ = {isa = PBXBuildFile; fileRef = 444A886526EBD9BE00B2C29C /* Coordinator.swift */; };
		444A886826EBD9DB00B2C29C /* ListCoordinator.swift in Sources */ = {isa = PBXBuildFile; fileRef = 444A886726EBD9DB00B2C29C /* ListCoordinator.swift */; };
		444A886D26EBDB1300B2C29C /* TableViewCell.swift in Sources */ = {isa = PBXBuildFile; fileRef = 444A886C26EBDB1300B2C29C /* TableViewCell.swift */; };
		444A886F26EBDB3300B2C29C /* ListViewController.swift in Sources */ = {isa = PBXBuildFile; fileRef = 444A886E26EBDB3300B2C29C /* ListViewController.swift */; };
		444A887126EBDB5000B2C29C /* InfoViewController.swift in Sources */ = {isa = PBXBuildFile; fileRef = 444A887026EBDB5000B2C29C /* InfoViewController.swift */; };
		444A887326EBDBBD00B2C29C /* ViewModelCell.swift in Sources */ = {isa = PBXBuildFile; fileRef = 444A887226EBDBBD00B2C29C /* ViewModelCell.swift */; };
		444A887526EBDBDA00B2C29C /* ViewModelData.swift in Sources */ = {isa = PBXBuildFile; fileRef = 444A887426EBDBDA00B2C29C /* ViewModelData.swift */; };
/* End PBXBuildFile section */

/* Begin PBXFileReference section */
		444A884526EBD83700B2C29C /* MVVMExample.app */ = {isa = PBXFileReference; explicitFileType = wrapper.application; includeInIndex = 0; path = MVVMExample.app; sourceTree = BUILT_PRODUCTS_DIR; };
		444A884826EBD83700B2C29C /* AppDelegate.swift */ = {isa = PBXFileReference; lastKnownFileType = sourcecode.swift; path = AppDelegate.swift; sourceTree = "<group>"; };
		444A884A26EBD83700B2C29C /* SceneDelegate.swift */ = {isa = PBXFileReference; lastKnownFileType = sourcecode.swift; path = SceneDelegate.swift; sourceTree = "<group>"; };
		444A884C26EBD83700B2C29C /* ViewController.swift */ = {isa = PBXFileReference; lastKnownFileType = sourcecode.swift; path = ViewController.swift; sourceTree = "<group>"; };
		444A884F26EBD83700B2C29C /* Base */ = {isa = PBXFileReference; lastKnownFileType = file.storyboard; name = Base; path = Base.lproj/Main.storyboard; sourceTree = "<group>"; };
		444A885126EBD83A00B2C29C /* Assets.xcassets */ = {isa = PBXFileReference; lastKnownFileType = folder.assetcatalog; path = Assets.xcassets; sourceTree = "<group>"; };
		444A885426EBD83A00B2C29C /* Base */ = {isa = PBXFileReference; lastKnownFileType = file.storyboard; name = Base; path = Base.lproj/LaunchScreen.storyboard; sourceTree = "<group>"; };
		444A885626EBD83A00B2C29C /* Info.plist */ = {isa = PBXFileReference; lastKnownFileType = text.plist.xml; path = Info.plist; sourceTree = "<group>"; };
		444A885F26EBD90100B2C29C /* Model.swift */ = {isa = PBXFileReference; lastKnownFileType = sourcecode.swift; path = Model.swift; sourceTree = "<group>"; };
		444A886526EBD9BE00B2C29C /* Coordinator.swift */ = {isa = PBXFileReference; lastKnownFileType = sourcecode.swift; path = Coordinator.swift; sourceTree = "<group>"; };
		444A886726EBD9DB00B2C29C /* ListCoordinator.swift */ = {isa = PBXFileReference; lastKnownFileType = sourcecode.swift; path = ListCoordinator.swift; sourceTree = "<group>"; };
		444A886C26EBDB1300B2C29C /* TableViewCell.swift */ = {isa = PBXFileReference; lastKnownFileType = sourcecode.swift; path = TableViewCell.swift; sourceTree = "<group>"; };
		444A886E26EBDB3300B2C29C /* ListViewController.swift */ = {isa = PBXFileReference; lastKnownFileType = sourcecode.swift; path = ListViewController.swift; sourceTree = "<group>"; };
		444A887026EBDB5000B2C29C /* InfoViewController.swift */ = {isa = PBXFileReference; lastKnownFileType = sourcecode.swift; path = InfoViewController.swift; sourceTree = "<group>"; };
		444A887226EBDBBD00B2C29C /* ViewModelCell.swift */ = {isa = PBXFileReference; lastKnownFileType = sourcecode.swift; path = ViewModelCell.swift; sourceTree = "<group>"; };
		444A887426EBDBDA00B2C29C /* ViewModelData.swift */ = {isa = PBXFileReference; lastKnownFileType = sourcecode.swift; path = ViewModelData.swift; sourceTree = "<group>"; };
/* End PBXFileReference section */

/* Begin PBXFrameworksBuildPhase section */
		444A884226EBD83700B2C29C /* Frameworks */ = {
			isa = PBXFrameworksBuildPhase;
			buildActionMask = 2147483647;
			files = (
			);
			runOnlyForDeploymentPostprocessing = 0;
		};
/* End PBXFrameworksBuildPhase section */

/* Begin PBXGroup section */
		444A883C26EBD83700B2C29C = {
			isa = PBXGroup;
			children = (
				444A884726EBD83700B2C29C /* MVVMExample */,
				444A884626EBD83700B2C29C /* Products */,
			);
			sourceTree = "<group>";
		};
		444A884626EBD83700B2C29C /* Products */ = {
			isa = PBXGroup;
			children = (
				444A884526EBD83700B2C29C /* MVVMExample.app */,
			);
			name = Products;
			sourceTree = "<group>";
		};
		444A884726EBD83700B2C29C /* MVVMExample */ = {
			isa = PBXGroup;
			children = (
				444A886426EBD9B200B2C29C /* Coordinators */,
				444A885C26EBD8DF00B2C29C /* Model */,
				444A885E26EBD8EF00B2C29C /* ViewModel */,
				444A885D26EBD8EA00B2C29C /* View */,
				444A884826EBD83700B2C29C /* AppDelegate.swift */,
				444A884A26EBD83700B2C29C /* SceneDelegate.swift */,
				444A884C26EBD83700B2C29C /* ViewController.swift */,
				444A884E26EBD83700B2C29C /* Main.storyboard */,
				444A885126EBD83A00B2C29C /* Assets.xcassets */,
				444A885326EBD83A00B2C29C /* LaunchScreen.storyboard */,
				444A885626EBD83A00B2C29C /* Info.plist */,
			);
			path = MVVMExample;
			sourceTree = "<group>";
		};
		444A885C26EBD8DF00B2C29C /* Model */ = {
			isa = PBXGroup;
			children = (
				444A885F26EBD90100B2C29C /* Model.swift */,
			);
			path = Model;
			sourceTree = "<group>";
		};
		444A885D26EBD8EA00B2C29C /* View */ = {
			isa = PBXGroup;
			children = (
				444A886B26EBDB0600B2C29C /* View */,
				444A886326EBD92A00B2C29C /* Controllers */,
			);
			path = View;
			sourceTree = "<group>";
		};
		444A885E26EBD8EF00B2C29C /* ViewModel */ = {
			isa = PBXGroup;
			children = (
				444A887226EBDBBD00B2C29C /* ViewModelCell.swift */,
				444A887426EBDBDA00B2C29C /* ViewModelData.swift */,
			);
			path = ViewModel;
			sourceTree = "<group>";
		};
		444A886326EBD92A00B2C29C /* Controllers */ = {
			isa = PBXGroup;
			children = (
				444A886E26EBDB3300B2C29C /* ListViewController.swift */,
				444A887026EBDB5000B2C29C /* InfoViewController.swift */,
			);
			path = Controllers;
			sourceTree = "<group>";
		};
		444A886426EBD9B200B2C29C /* Coordinators */ = {
			isa = PBXGroup;
			children = (
				444A886526EBD9BE00B2C29C /* Coordinator.swift */,
				444A886726EBD9DB00B2C29C /* ListCoordinator.swift */,
			);
			path = Coordinators;
			sourceTree = "<group>";
		};
		444A886B26EBDB0600B2C29C /* View */ = {
			isa = PBXGroup;
			children = (
				444A886C26EBDB1300B2C29C /* TableViewCell.swift */,
			);
			path = View;
			sourceTree = "<group>";
		};
/* End PBXGroup section */

/* Begin PBXNativeTarget section */
		444A884426EBD83700B2C29C /* MVVMExample */ = {
			isa = PBXNativeTarget;
			buildConfigurationList = 444A885926EBD83A00B2C29C /* Build configuration list for PBXNativeTarget "MVVMExample" */;
			buildPhases = (
				444A884126EBD83700B2C29C /* Sources */,
				444A884226EBD83700B2C29C /* Frameworks */,
				444A884326EBD83700B2C29C /* Resources */,
			);
			buildRules = (
			);
			dependencies = (
			);
			name = MVVMExample;
			productName = MVVMExample;
			productReference = 444A884526EBD83700B2C29C /* MVVMExample.app */;
			productType = "com.apple.product-type.application";
		};
/* End PBXNativeTarget section */

/* Begin PBXProject section */
		444A883D26EBD83700B2C29C /* Project object */ = {
			isa = PBXProject;
			attributes = {
				LastSwiftUpdateCheck = 1250;
				LastUpgradeCheck = 1250;
				TargetAttributes = {
					444A884426EBD83700B2C29C = {
						CreatedOnToolsVersion = 12.5.1;
					};
				};
			};
			buildConfigurationList = 444A884026EBD83700B2C29C /* Build configuration list for PBXProject "MVVMExample" */;
			compatibilityVersion = "Xcode 9.3";
			developmentRegion = en;
			hasScannedForEncodings = 0;
			knownRegions = (
				en,
				Base,
			);
			mainGroup = 444A883C26EBD83700B2C29C;
			productRefGroup = 444A884626EBD83700B2C29C /* Products */;
			projectDirPath = "";
			projectRoot = "";
			targets = (
				444A884426EBD83700B2C29C /* MVVMExample */,
			);
		};
/* End PBXProject section */

/* Begin PBXResourcesBuildPhase section */
		444A884326EBD83700B2C29C /* Resources */ = {
			isa = PBXResourcesBuildPhase;
			buildActionMask = 2147483647;
			files = (
				444A885526EBD83A00B2C29C /* LaunchScreen.storyboard in Resources */,
				444A885226EBD83A00B2C29C /* Assets.xcassets in Resources */,
				444A885026EBD83700B2C29C /* Main.storyboard in Resources */,
			);
			runOnlyForDeploymentPostprocessing = 0;
		};
/* End PBXResourcesBuildPhase section */

/* Begin PBXSourcesBuildPhase section */
		444A884126EBD83700B2C29C /* Sources */ = {
			isa = PBXSourcesBuildPhase;
			buildActionMask = 2147483647;
			files = (
				444A884D26EBD83700B2C29C /* ViewController.swift in Sources */,
				444A884926EBD83700B2C29C /* AppDelegate.swift in Sources */,
				444A886826EBD9DB00B2C29C /* ListCoordinator.swift in Sources */,
				444A886626EBD9BE00B2C29C /* Coordinator.swift in Sources */,
				444A887326EBDBBD00B2C29C /* ViewModelCell.swift in Sources */,
				444A887126EBDB5000B2C29C /* InfoViewController.swift in Sources */,
				444A884B26EBD83700B2C29C /* SceneDelegate.swift in Sources */,
				444A886D26EBDB1300B2C29C /* TableViewCell.swift in Sources */,
				444A887526EBDBDA00B2C29C /* ViewModelData.swift in Sources */,
				444A886F26EBDB3300B2C29C /* ListViewController.swift in Sources */,
				444A886026EBD90100B2C29C /* Model.swift in Sources */,
			);
			runOnlyForDeploymentPostprocessing = 0;
		};
/* End PBXSourcesBuildPhase section */

/* Begin PBXVariantGroup section */
		444A884E26EBD83700B2C29C /* Main.storyboard */ = {
			isa = PBXVariantGroup;
			children = (
				444A884F26EBD83700B2C29C /* Base */,
			);
			name = Main.storyboard;
			sourceTree = "<group>";
		};
		444A885326EBD83A00B2C29C /* LaunchScreen.storyboard */ = {
			isa = PBXVariantGroup;
			children = (
				444A885426EBD83A00B2C29C /* Base */,
			);
			name = LaunchScreen.storyboard;
			sourceTree = "<group>";
		};
/* End PBXVariantGroup section */

/* Begin XCBuildConfiguration section */
		444A885726EBD83A00B2C29C /* Debug */ = {
			isa = XCBuildConfiguration;
			buildSettings = {
				ALWAYS_SEARCH_USER_PATHS = NO;
				CLANG_ANALYZER_NONNULL = YES;
				CLANG_ANALYZER_NUMBER_OBJECT_CONVERSION = YES_AGGRESSIVE;
				CLANG_CXX_LANGUAGE_STANDARD = "gnu++14";
				CLANG_CXX_LIBRARY = "libc++";
				CLANG_ENABLE_MODULES = YES;
				CLANG_ENABLE_OBJC_ARC = YES;
				CLANG_ENABLE_OBJC_WEAK = YES;
				CLANG_WARN_BLOCK_CAPTURE_AUTORELEASING = YES;
				CLANG_WARN_BOOL_CONVERSION = YES;
				CLANG_WARN_COMMA = YES;
				CLANG_WARN_CONSTANT_CONVERSION = YES;
				CLANG_WARN_DEPRECATED_OBJC_IMPLEMENTATIONS = YES;
				CLANG_WARN_DIRECT_OBJC_ISA_USAGE = YES_ERROR;
				CLANG_WARN_DOCUMENTATION_COMMENTS = YES;
				CLANG_WARN_EMPTY_BODY = YES;
				CLANG_WARN_ENUM_CONVERSION = YES;
				CLANG_WARN_INFINITE_RECURSION = YES;
				CLANG_WARN_INT_CONVERSION = YES;
				CLANG_WARN_NON_LITERAL_NULL_CONVERSION = YES;
				CLANG_WARN_OBJC_IMPLICIT_RETAIN_SELF = YES;
				CLANG_WARN_OBJC_LITERAL_CONVERSION = YES;
				CLANG_WARN_OBJC_ROOT_CLASS = YES_ERROR;
				CLANG_WARN_QUOTED_INCLUDE_IN_FRAMEWORK_HEADER = YES;
				CLANG_WARN_RANGE_LOOP_ANALYSIS = YES;
				CLANG_WARN_STRICT_PROTOTYPES = YES;
				CLANG_WARN_SUSPICIOUS_MOVE = YES;
				CLANG_WARN_UNGUARDED_AVAILABILITY = YES_AGGRESSIVE;
				CLANG_WARN_UNREACHABLE_CODE = YES;
				CLANG_WARN__DUPLICATE_METHOD_MATCH = YES;
				COPY_PHASE_STRIP = NO;
				DEBUG_INFORMATION_FORMAT = dwarf;
				ENABLE_STRICT_OBJC_MSGSEND = YES;
				ENABLE_TESTABILITY = YES;
				GCC_C_LANGUAGE_STANDARD = gnu11;
				GCC_DYNAMIC_NO_PIC = NO;
				GCC_NO_COMMON_BLOCKS = YES;
				GCC_OPTIMIZATION_LEVEL = 0;
				GCC_PREPROCESSOR_DEFINITIONS = (
					"DEBUG=1",
					"$(inherited)",
				);
				GCC_WARN_64_TO_32_BIT_CONVERSION = YES;
				GCC_WARN_ABOUT_RETURN_TYPE = YES_ERROR;
				GCC_WARN_UNDECLARED_SELECTOR = YES;
				GCC_WARN_UNINITIALIZED_AUTOS = YES_AGGRESSIVE;
				GCC_WARN_UNUSED_FUNCTION = YES;
				GCC_WARN_UNUSED_VARIABLE = YES;
				IPHONEOS_DEPLOYMENT_TARGET = 14.5;
				MTL_ENABLE_DEBUG_INFO = INCLUDE_SOURCE;
				MTL_FAST_MATH = YES;
				ONLY_ACTIVE_ARCH = YES;
				SDKROOT = iphoneos;
				SWIFT_ACTIVE_COMPILATION_CONDITIONS = DEBUG;
				SWIFT_OPTIMIZATION_LEVEL = "-Onone";
			};
			name = Debug;
		};
		444A885826EBD83A00B2C29C /* Release */ = {
			isa = XCBuildConfiguration;
			buildSettings = {
				ALWAYS_SEARCH_USER_PATHS = NO;
				CLANG_ANALYZER_NONNULL = YES;
				CLANG_ANALYZER_NUMBER_OBJECT_CONVERSION = YES_AGGRESSIVE;
				CLANG_CXX_LANGUAGE_STANDARD = "gnu++14";
				CLANG_CXX_LIBRARY = "libc++";
				CLANG_ENABLE_MODULES = YES;
				CLANG_ENABLE_OBJC_ARC = YES;
				CLANG_ENABLE_OBJC_WEAK = YES;
				CLANG_WARN_BLOCK_CAPTURE_AUTORELEASING = YES;
				CLANG_WARN_BOOL_CONVERSION = YES;
				CLANG_WARN_COMMA = YES;
				CLANG_WARN_CONSTANT_CONVERSION = YES;
				CLANG_WARN_DEPRECATED_OBJC_IMPLEMENTATIONS = YES;
				CLANG_WARN_DIRECT_OBJC_ISA_USAGE = YES_ERROR;
				CLANG_WARN_DOCUMENTATION_COMMENTS = YES;
				CLANG_WARN_EMPTY_BODY = YES;
				CLANG_WARN_ENUM_CONVERSION = YES;
				CLANG_WARN_INFINITE_RECURSION = YES;
				CLANG_WARN_INT_CONVERSION = YES;
				CLANG_WARN_NON_LITERAL_NULL_CONVERSION = YES;
				CLANG_WARN_OBJC_IMPLICIT_RETAIN_SELF = YES;
				CLANG_WARN_OBJC_LITERAL_CONVERSION = YES;
				CLANG_WARN_OBJC_ROOT_CLASS = YES_ERROR;
				CLANG_WARN_QUOTED_INCLUDE_IN_FRAMEWORK_HEADER = YES;
				CLANG_WARN_RANGE_LOOP_ANALYSIS = YES;
				CLANG_WARN_STRICT_PROTOTYPES = YES;
				CLANG_WARN_SUSPICIOUS_MOVE = YES;
				CLANG_WARN_UNGUARDED_AVAILABILITY = YES_AGGRESSIVE;
				CLANG_WARN_UNREACHABLE_CODE = YES;
				CLANG_WARN__DUPLICATE_METHOD_MATCH = YES;
				COPY_PHASE_STRIP = NO;
				DEBUG_INFORMATION_FORMAT = "dwarf-with-dsym";
				ENABLE_NS_ASSERTIONS = NO;
				ENABLE_STRICT_OBJC_MSGSEND = YES;
				GCC_C_LANGUAGE_STANDARD = gnu11;
				GCC_NO_COMMON_BLOCKS = YES;
				GCC_WARN_64_TO_32_BIT_CONVERSION = YES;
				GCC_WARN_ABOUT_RETURN_TYPE = YES_ERROR;
				GCC_WARN_UNDECLARED_SELECTOR = YES;
				GCC_WARN_UNINITIALIZED_AUTOS = YES_AGGRESSIVE;
				GCC_WARN_UNUSED_FUNCTION = YES;
				GCC_WARN_UNUSED_VARIABLE = YES;
				IPHONEOS_DEPLOYMENT_TARGET = 14.5;
				MTL_ENABLE_DEBUG_INFO = NO;
				MTL_FAST_MATH = YES;
				SDKROOT = iphoneos;
				SWIFT_COMPILATION_MODE = wholemodule;
				SWIFT_OPTIMIZATION_LEVEL = "-O";
				VALIDATE_PRODUCT = YES;
			};
			name = Release;
		};
		444A885A26EBD83A00B2C29C /* Debug */ = {
			isa = XCBuildConfiguration;
			buildSettings = {
				ASSETCATALOG_COMPILER_APPICON_NAME = AppIcon;
				ASSETCATALOG_COMPILER_GLOBAL_ACCENT_COLOR_NAME = AccentColor;
				CODE_SIGN_STYLE = Automatic;
				INFOPLIST_FILE = MVVMExample/Info.plist;
				LD_RUNPATH_SEARCH_PATHS = (
					"$(inherited)",
					"@executable_path/Frameworks",
				);
				PRODUCT_BUNDLE_IDENTIFIER = mari.MVVMExample;
				PRODUCT_NAME = "$(TARGET_NAME)";
				SWIFT_VERSION = 5.0;
				TARGETED_DEVICE_FAMILY = "1,2";
			};
			name = Debug;
		};
		444A885B26EBD83A00B2C29C /* Release */ = {
			isa = XCBuildConfiguration;
			buildSettings = {
				ASSETCATALOG_COMPILER_APPICON_NAME = AppIcon;
				ASSETCATALOG_COMPILER_GLOBAL_ACCENT_COLOR_NAME = AccentColor;
				CODE_SIGN_STYLE = Automatic;
				INFOPLIST_FILE = MVVMExample/Info.plist;
				LD_RUNPATH_SEARCH_PATHS = (
					"$(inherited)",
					"@executable_path/Frameworks",
				);
				PRODUCT_BUNDLE_IDENTIFIER = mari.MVVMExample;
				PRODUCT_NAME = "$(TARGET_NAME)";
				SWIFT_VERSION = 5.0;
				TARGETED_DEVICE_FAMILY = "1,2";
			};
			name = Release;
		};
/* End XCBuildConfiguration section */

/* Begin XCConfigurationList section */
		444A884026EBD83700B2C29C /* Build configuration list for PBXProject "MVVMExample" */ = {
			isa = XCConfigurationList;
			buildConfigurations = (
				444A885726EBD83A00B2C29C /* Debug */,
				444A885826EBD83A00B2C29C /* Release */,
			);
			defaultConfigurationIsVisible = 0;
			defaultConfigurationName = Release;
		};
		444A885926EBD83A00B2C29C /* Build configuration list for PBXNativeTarget "MVVMExample" */ = {
			isa = XCConfigurationList;
			buildConfigurations = (
				444A885A26EBD83A00B2C29C /* Debug */,
				444A885B26EBD83A00B2C29C /* Release */,
			);
			defaultConfigurationIsVisible = 0;
			defaultConfigurationName = Release;
		};
/* End XCConfigurationList section */
	};
	rootObject = 444A883D26EBD83700B2C29C /* Project object */;
}
